# This file was autogenerated by Stack.
# You should not edit this file by hand.
# For more information, please see the documentation at:
#   https://docs.haskellstack.org/en/stable/lock_files

packages:
- completed:
    hackage: llvm-hs-9.0.1@sha256:ee6ec2eb8cba4daf2a43586388a87dbfd6a2ec6d81d1f9965896ac187acad286,8700
    pantry-tree:
      sha256: 537616dec1351bd9f7905182f82f132359cf3058ebbb059c03b4edcef04b2689
      size: 13599
  original:
    hackage: llvm-hs-9.0.1@sha256:ee6ec2eb8cba4daf2a43586388a87dbfd6a2ec6d81d1f9965896ac187acad286,8700
snapshots:
- completed:
    sha256: 32716534fff554b7f90762130fdb985cabf29f157758934dd1c8f3892a646430
    size: 586103
    url: https://raw.githubusercontent.com/commercialhaskell/stackage-snapshots/master/lts/18/19.yaml
  original: lts-18.19
